schema: '2.0'
stages:
  stage_01:
    cmd: python stage_01.py
    deps:
    - path: stage_01.py
      md5: 7fc02d0fa0e1fe67905f2b0ee1971d80
      size: 76
    outs:
    - path: artifacts01.txt
      md5: 7e6214bb528dd69609564aa1392a7e53
      size: 8
      isexec: true
  stage_02:
    cmd: python stage_02.py
    deps:
    - path: artifacts01.txt
      md5: 7e6214bb528dd69609564aa1392a7e53
      size: 8
    - path: stage_02.py
      md5: 96f0e102f7ec56c255ac7d37b0cdd66b
      size: 96
  stage_03:
    cmd: python stage_03.py
    deps:
    - path: artifacts01.txt
      md5: 7e6214bb528dd69609564aa1392a7e53
      size: 8
    - path: stage_03.py
      md5: b3d7765b546654d73ff04c82d49e656b
      size: 186
    outs:
    - path: artifacts02.txt
      md5: 9493c6499e50baf24242945e44cae6cb
      size: 19
